PODS:
  - Google-Mobile-Ads-SDK (7.19.0)
  - SwiftyStoreKit (0.8.4)

DEPENDENCIES:
  - Google-Mobile-Ads-SDK
  - SwiftyStoreKit

SPEC CHECKSUMS:
  Google-Mobile-Ads-SDK: d1bcdbd8347a105a687345b8511701172a5074e9
  SwiftyStoreKit: b235756bd6e541cafbed6e75d28b29b8a1c1caef

PODFILE CHECKSUM: 723be978500752c7251bbb5b98ddd41e6c8c3aea

COCOAPODS: 1.1.1
