// !$*UTF8*$!
{
	archiveVersion = 1;
	classes = {
	};
	objectVersion = 46;
	objects = {

/* Begin PBXBuildFile section */
		8184B1A51F2F164A00156D2E /* AppDelegate.swift in Sources */ = {isa = PBXBuildFile; fileRef = 8184B1A41F2F164A00156D2E /* AppDelegate.swift */; };
		8184B1A71F2F164A00156D2E /* ViewController.swift in Sources */ = {isa = PBXBuildFile; fileRef = 8184B1A61F2F164A00156D2E /* ViewController.swift */; };
		8184B1AA1F2F164B00156D2E /* Main.storyboard in Resources */ = {isa = PBXBuildFile; fileRef = 8184B1A81F2F164B00156D2E /* Main.storyboard */; };
		8184B1AC1F2F164B00156D2E /* Assets.xcassets in Resources */ = {isa = PBXBuildFile; fileRef = 8184B1AB1F2F164B00156D2E /* Assets.xcassets */; };
		8184B1AF1F2F164B00156D2E /* LaunchScreen.storyboard in Resources */ = {isa = PBXBuildFile; fileRef = 8184B1AD1F2F164B00156D2E /* LaunchScreen.storyboard */; };
		8184B1BA1F2F164B00156D2E /* CalculatorTests.swift in Sources */ = {isa = PBXBuildFile; fileRef = 8184B1B91F2F164B00156D2E /* CalculatorTests.swift */; };
		8184B1C51F2F164B00156D2E /* CalculatorUITests.swift in Sources */ = {isa = PBXBuildFile; fileRef = 8184B1C41F2F164B00156D2E /* CalculatorUITests.swift */; };
/* End PBXBuildFile section */

/* Begin PBXContainerItemProxy section */
		8184B1B61F2F164B00156D2E /* PBXContainerItemProxy */ = {
			isa = PBXContainerItemProxy;
			containerPortal = 8184B1991F2F164A00156D2E /* Project object */;
			proxyType = 1;
			remoteGlobalIDString = 8184B1A01F2F164A00156D2E;
			remoteInfo = Calculator;
		};
		8184B1C11F2F164B00156D2E /* PBXContainerItemProxy */ = {
			isa = PBXContainerItemProxy;
			containerPortal = 8184B1991F2F164A00156D2E /* Project object */;
			proxyType = 1;
			remoteGlobalIDString = 8184B1A01F2F164A00156D2E;
			remoteInfo = Calculator;
		};
/* End PBXContainerItemProxy section */

/* Begin PBXFileReference section */
		8184B1A11F2F164A00156D2E /* Calculator.app */ = {isa = PBXFileReference; explicitFileType = wrapper.application; includeInIndex = 0; path = Calculator.app; sourceTree = BUILT_PRODUCTS_DIR; };
		8184B1A41F2F164A00156D2E /* AppDelegate.swift */ = {isa = PBXFileReference; lastKnownFileType = sourcecode.swift; path = AppDelegate.swift; sourceTree = "<group>"; };
		8184B1A61F2F164A00156D2E /* ViewController.swift */ = {isa = PBXFileReference; lastKnownFileType = sourcecode.swift; path = ViewController.swift; sourceTree = "<group>"; };
		8184B1A91F2F164B00156D2E /* Base */ = {isa = PBXFileReference; lastKnownFileType = file.storyboard; name = Base; path = Base.lproj/Main.storyboard; sourceTree = "<group>"; };
		8184B1AB1F2F164B00156D2E /* Assets.xcassets */ = {isa = PBXFileReference; lastKnownFileType = folder.assetcatalog; path = Assets.xcassets; sourceTree = "<group>"; };
		8184B1AE1F2F164B00156D2E /* Base */ = {isa = PBXFileReference; lastKnownFileType = file.storyboard; name = Base; path = Base.lproj/LaunchScreen.storyboard; sourceTree = "<group>"; };
		8184B1B01F2F164B00156D2E /* Info.plist */ = {isa = PBXFileReference; lastKnownFileType = text.plist.xml; path = Info.plist; sourceTree = "<group>"; };
		8184B1B51F2F164B00156D2E /* CalculatorTests.xctest */ = {isa = PBXFileReference; explicitFileType = wrapper.cfbundle; includeInIndex = 0; path = CalculatorTests.xctest; sourceTree = BUILT_PRODUCTS_DIR; };
		8184B1B91F2F164B00156D2E /* CalculatorTests.swift */ = {isa = PBXFileReference; lastKnownFileType = sourcecode.swift; path = CalculatorTests.swift; sourceTree = "<group>"; };
		8184B1BB1F2F164B00156D2E /* Info.plist */ = {isa = PBXFileReference; lastKnownFileType = text.plist.xml; path = Info.plist; sourceTree = "<group>"; };
		8184B1C01F2F164B00156D2E /* CalculatorUITests.xctest */ = {isa = PBXFileReference; explicitFileType = wrapper.cfbundle; includeInIndex = 0; path = CalculatorUITests.xctest; sourceTree = BUILT_PRODUCTS_DIR; };
		8184B1C41F2F164B00156D2E /* CalculatorUITests.swift */ = {isa = PBXFileReference; lastKnownFileType = sourcecode.swift; path = CalculatorUITests.swift; sourceTree = "<group>"; };
		8184B1C61F2F164B00156D2E /* Info.plist */ = {isa = PBXFileReference; lastKnownFileType = text.plist.xml; path = Info.plist; sourceTree = "<group>"; };
/* End PBXFileReference section */

/* Begin PBXFrameworksBuildPhase section */
		8184B19E1F2F164A00156D2E /* Frameworks */ = {
			isa = PBXFrameworksBuildPhase;
			buildActionMask = 2147483647;
			files = (
			);
			runOnlyForDeploymentPostprocessing = 0;
		};
		8184B1B21F2F164B00156D2E /* Frameworks */ = {
			isa = PBXFrameworksBuildPhase;
			buildActionMask = 2147483647;
			files = (
			);
			runOnlyForDeploymentPostprocessing = 0;
		};
		8184B1BD1F2F164B00156D2E /* Frameworks */ = {
			isa = PBXFrameworksBuildPhase;
			buildActionMask = 2147483647;
			files = (
			);
			runOnlyForDeploymentPostprocessing = 0;
		};
/* End PBXFrameworksBuildPhase section */

/* Begin PBXGroup section */
		8184B1981F2F164A00156D2E = {
			isa = PBXGroup;
			children = (
				8184B1A31F2F164A00156D2E /* Calculator */,
				8184B1B81F2F164B00156D2E /* CalculatorTests */,
				8184B1C31F2F164B00156D2E /* CalculatorUITests */,
				8184B1A21F2F164A00156D2E /* Products */,
			);
			sourceTree = "<group>";
		};
		8184B1A21F2F164A00156D2E /* Products */ = {
			isa = PBXGroup;
			children = (
				8184B1A11F2F164A00156D2E /* Calculator.app */,
				8184B1B51F2F164B00156D2E /* CalculatorTests.xctest */,
				8184B1C01F2F164B00156D2E /* CalculatorUITests.xctest */,
			);
			name = Products;
			sourceTree = "<group>";
		};
		8184B1A31F2F164A00156D2E /* Calculator */ = {
			isa = PBXGroup;
			children = (
				8184B1A41F2F164A00156D2E /* AppDelegate.swift */,
				8184B1A61F2F164A00156D2E /* ViewController.swift */,
				8184B1A81F2F164B00156D2E /* Main.storyboard */,
				8184B1AB1F2F164B00156D2E /* Assets.xcassets */,
				8184B1AD1F2F164B00156D2E /* LaunchScreen.storyboard */,
				8184B1B01F2F164B00156D2E /* Info.plist */,
			);
			path = Calculator;
			sourceTree = "<group>";
		};
		8184B1B81F2F164B00156D2E /* CalculatorTests */ = {
			isa = PBXGroup;
			children = (
				8184B1B91F2F164B00156D2E /* CalculatorTests.swift */,
				8184B1BB1F2F164B00156D2E /* Info.plist */,
			);
			path = CalculatorTests;
			sourceTree = "<group>";
		};
		8184B1C31F2F164B00156D2E /* CalculatorUITests */ = {
			isa = PBXGroup;
			children = (
				8184B1C41F2F164B00156D2E /* CalculatorUITests.swift */,
				8184B1C61F2F164B00156D2E /* Info.plist */,
			);
			path = CalculatorUITests;
			sourceTree = "<group>";
		};
/* End PBXGroup section */

/* Begin PBXNativeTarget section */
		8184B1A01F2F164A00156D2E /* Calculator */ = {
			isa = PBXNativeTarget;
			buildConfigurationList = 8184B1C91F2F164B00156D2E /* Build configuration list for PBXNativeTarget "Calculator" */;
			buildPhases = (
				8184B19D1F2F164A00156D2E /* Sources */,
				8184B19E1F2F164A00156D2E /* Frameworks */,
				8184B19F1F2F164A00156D2E /* Resources */,
			);
			buildRules = (
			);
			dependencies = (
			);
			name = Calculator;
			productName = Calculator;
			productReference = 8184B1A11F2F164A00156D2E /* Calculator.app */;
			productType = "com.apple.product-type.application";
		};
		8184B1B41F2F164B00156D2E /* CalculatorTests */ = {
			isa = PBXNativeTarget;
			buildConfigurationList = 8184B1CC1F2F164B00156D2E /* Build configuration list for PBXNativeTarget "CalculatorTests" */;
			buildPhases = (
				8184B1B11F2F164B00156D2E /* Sources */,
				8184B1B21F2F164B00156D2E /* Frameworks */,
				8184B1B31F2F164B00156D2E /* Resources */,
			);
			buildRules = (
			);
			dependencies = (
				8184B1B71F2F164B00156D2E /* PBXTargetDependency */,
			);
			name = CalculatorTests;
			productName = CalculatorTests;
			productReference = 8184B1B51F2F164B00156D2E /* CalculatorTests.xctest */;
			productType = "com.apple.product-type.bundle.unit-test";
		};
		8184B1BF1F2F164B00156D2E /* CalculatorUITests */ = {
			isa = PBXNativeTarget;
			buildConfigurationList = 8184B1CF1F2F164B00156D2E /* Build configuration list for PBXNativeTarget "CalculatorUITests" */;
			buildPhases = (
				8184B1BC1F2F164B00156D2E /* Sources */,
				8184B1BD1F2F164B00156D2E /* Frameworks */,
				8184B1BE1F2F164B00156D2E /* Resources */,
			);
			buildRules = (
			);
			dependencies = (
				8184B1C21F2F164B00156D2E /* PBXTargetDependency */,
			);
			name = CalculatorUITests;
			productName = CalculatorUITests;
			productReference = 8184B1C01F2F164B00156D2E /* CalculatorUITests.xctest */;
			productType = "com.apple.product-type.bundle.ui-testing";
		};
/* End PBXNativeTarget section */

/* Begin PBXProject section */
		8184B1991F2F164A00156D2E /* Project object */ = {
			isa = PBXProject;
			attributes = {
				LastSwiftUpdateCheck = 0830;
				LastUpgradeCheck = 0830;
				ORGANIZATIONNAME = Nathakorn;
				TargetAttributes = {
					8184B1A01F2F164A00156D2E = {
						CreatedOnToolsVersion = 8.3.2;
						DevelopmentTeam = 959U8386M2;
						ProvisioningStyle = Automatic;
					};
					8184B1B41F2F164B00156D2E = {
						CreatedOnToolsVersion = 8.3.2;
						DevelopmentTeam = 959U8386M2;
						ProvisioningStyle = Automatic;
						TestTargetID = 8184B1A01F2F164A00156D2E;
					};
					8184B1BF1F2F164B00156D2E = {
						CreatedOnToolsVersion = 8.3.2;
						DevelopmentTeam = 959U8386M2;
						ProvisioningStyle = Automatic;
						TestTargetID = 8184B1A01F2F164A00156D2E;
					};
				};
			};
			buildConfigurationList = 8184B19C1F2F164A00156D2E /* Build configuration list for PBXProject "Calculator" */;
			compatibilityVersion = "Xcode 3.2";
			developmentRegion = English;
			hasScannedForEncodings = 0;
			knownRegions = (
				en,
				Base,
			);
			mainGroup = 8184B1981F2F164A00156D2E;
			productRefGroup = 8184B1A21F2F164A00156D2E /* Products */;
			projectDirPath = "";
			projectRoot = "";
			targets = (
				8184B1A01F2F164A00156D2E /* Calculator */,
				8184B1B41F2F164B00156D2E /* CalculatorTests */,
				8184B1BF1F2F164B00156D2E /* CalculatorUITests */,
			);
		};
/* End PBXProject section */

/* Begin PBXResourcesBuildPhase section */
		8184B19F1F2F164A00156D2E /* Resources */ = {
			isa = PBXResourcesBuildPhase;
			buildActionMask = 2147483647;
			files = (
				8184B1AF1F2F164B00156D2E /* LaunchScreen.storyboard in Resources */,
				8184B1AC1F2F164B00156D2E /* Assets.xcassets in Resources */,
				8184B1AA1F2F164B00156D2E /* Main.storyboard in Resources */,
			);
			runOnlyForDeploymentPostprocessing = 0;
		};
		8184B1B31F2F164B00156D2E /* Resources */ = {
			isa = PBXResourcesBuildPhase;
			buildActionMask = 2147483647;
			files = (
			);
			runOnlyForDeploymentPostprocessing = 0;
		};
		8184B1BE1F2F164B00156D2E /* Resources */ = {
			isa = PBXResourcesBuildPhase;
			buildActionMask = 2147483647;
			files = (
			);
			runOnlyForDeploymentPostprocessing = 0;
		};
/* End PBXResourcesBuildPhase section */

/* Begin PBXSourcesBuildPhase section */
		8184B19D1F2F164A00156D2E /* Sources */ = {
			isa = PBXSourcesBuildPhase;
			buildActionMask = 2147483647;
			files = (
				8184B1A71F2F164A00156D2E /* ViewController.swift in Sources */,
				8184B1A51F2F164A00156D2E /* AppDelegate.swift in Sources */,
			);
			runOnlyForDeploymentPostprocessing = 0;
		};
		8184B1B11F2F164B00156D2E /* Sources */ = {
			isa = PBXSourcesBuildPhase;
			buildActionMask = 2147483647;
			files = (
				8184B1BA1F2F164B00156D2E /* CalculatorTests.swift in Sources */,
			);
			runOnlyForDeploymentPostprocessing = 0;
		};
		8184B1BC1F2F164B00156D2E /* Sources */ = {
			isa = PBXSourcesBuildPhase;
			buildActionMask = 2147483647;
			files = (
				8184B1C51F2F164B00156D2E /* CalculatorUITests.swift in Sources */,
			);
			runOnlyForDeploymentPostprocessing = 0;
		};
/* End PBXSourcesBuildPhase section */

/* Begin PBXTargetDependency section */
		8184B1B71F2F164B00156D2E /* PBXTargetDependency */ = {
			isa = PBXTargetDependency;
			target = 8184B1A01F2F164A00156D2E /* Calculator */;
			targetProxy = 8184B1B61F2F164B00156D2E /* PBXContainerItemProxy */;
		};
		8184B1C21F2F164B00156D2E /* PBXTargetDependency */ = {
			isa = PBXTargetDependency;
			target = 8184B1A01F2F164A00156D2E /* Calculator */;
			targetProxy = 8184B1C11F2F164B00156D2E /* PBXContainerItemProxy */;
		};
/* End PBXTargetDependency section */

/* Begin PBXVariantGroup section */
		8184B1A81F2F164B00156D2E /* Main.storyboard */ = {
			isa = PBXVariantGroup;
			children = (
				8184B1A91F2F164B00156D2E /* Base */,
			);
			name = Main.storyboard;
			sourceTree = "<group>";
		};
		8184B1AD1F2F164B00156D2E /* LaunchScreen.storyboard */ = {
			isa = PBXVariantGroup;
			children = (
				8184B1AE1F2F164B00156D2E /* Base */,
			);
			name = LaunchScreen.storyboard;
			sourceTree = "<group>";
		};
/* End PBXVariantGroup section */

/* Begin XCBuildConfiguration section */
		8184B1C71F2F164B00156D2E /* Debug */ = {
			isa = XCBuildConfiguration;
			buildSettings = {
				ALWAYS_SEARCH_USER_PATHS = NO;
				CLANG_ANALYZER_NONNULL = YES;
				CLANG_ANALYZER_NUMBER_OBJECT_CONVERSION = YES_AGGRESSIVE;
				CLANG_CXX_LANGUAGE_STANDARD = "gnu++0x";
				CLANG_CXX_LIBRARY = "libc++";
				CLANG_ENABLE_MODULES = YES;
				CLANG_ENABLE_OBJC_ARC = YES;
				CLANG_WARN_BOOL_CONVERSION = YES;
				CLANG_WARN_CONSTANT_CONVERSION = YES;
				CLANG_WARN_DIRECT_OBJC_ISA_USAGE = YES_ERROR;
				CLANG_WARN_DOCUMENTATION_COMMENTS = YES;
				CLANG_WARN_EMPTY_BODY = YES;
				CLANG_WARN_ENUM_CONVERSION = YES;
				CLANG_WARN_INFINITE_RECURSION = YES;
				CLANG_WARN_INT_CONVERSION = YES;
				CLANG_WARN_OBJC_ROOT_CLASS = YES_ERROR;
				CLANG_WARN_SUSPICIOUS_MOVE = YES;
				CLANG_WARN_UNREACHABLE_CODE = YES;
				CLANG_WARN__DUPLICATE_METHOD_MATCH = YES;
				"CODE_SIGN_IDENTITY[sdk=iphoneos*]" = "iPhone Developer";
				COPY_PHASE_STRIP = NO;
				DEBUG_INFORMATION_FORMAT = dwarf;
				ENABLE_STRICT_OBJC_MSGSEND = YES;
				ENABLE_TESTABILITY = YES;
				GCC_C_LANGUAGE_STANDARD = gnu99;
				GCC_DYNAMIC_NO_PIC = NO;
				GCC_NO_COMMON_BLOCKS = YES;
				GCC_OPTIMIZATION_LEVEL = 0;
				GCC_PREPROCESSOR_DEFINITIONS = (
					"DEBUG=1",
					"$(inherited)",
				);
				GCC_WARN_64_TO_32_BIT_CONVERSION = YES;
				GCC_WARN_ABOUT_RETURN_TYPE = YES_ERROR;
				GCC_WARN_UNDECLARED_SELECTOR = YES;
				GCC_WARN_UNINITIALIZED_AUTOS = YES_AGGRESSIVE;
				GCC_WARN_UNUSED_FUNCTION = YES;
				GCC_WARN_UNUSED_VARIABLE = YES;
				IPHONEOS_DEPLOYMENT_TARGET = 10.3;
				MTL_ENABLE_DEBUG_INFO = YES;
				ONLY_ACTIVE_ARCH = YES;
				SDKROOT = iphoneos;
				SWIFT_ACTIVE_COMPILATION_CONDITIONS = DEBUG;
				SWIFT_OPTIMIZATION_LEVEL = "-Onone";
			};
			name = Debug;
		};
		8184B1C81F2F164B00156D2E /* Release */ = {
			isa = XCBuildConfiguration;
			buildSettings = {
				ALWAYS_SEARCH_USER_PATHS = NO;
				CLANG_ANALYZER_NONNULL = YES;
				CLANG_ANALYZER_NUMBER_OBJECT_CONVERSION = YES_AGGRESSIVE;
				CLANG_CXX_LANGUAGE_STANDARD = "gnu++0x";
				CLANG_CXX_LIBRARY = "libc++";
				CLANG_ENABLE_MODULES = YES;
				CLANG_ENABLE_OBJC_ARC = YES;
				CLANG_WARN_BOOL_CONVERSION = YES;
				CLANG_WARN_CONSTANT_CONVERSION = YES;
				CLANG_WARN_DIRECT_OBJC_ISA_USAGE = YES_ERROR;
				CLANG_WARN_DOCUMENTATION_COMMENTS = YES;
				CLANG_WARN_EMPTY_BODY = YES;
				CLANG_WARN_ENUM_CONVERSION = YES;
				CLANG_WARN_INFINITE_RECURSION = YES;
				CLANG_WARN_INT_CONVERSION = YES;
				CLANG_WARN_OBJC_ROOT_CLASS = YES_ERROR;
				CLANG_WARN_SUSPICIOUS_MOVE = YES;
				CLANG_WARN_UNREACHABLE_CODE = YES;
				CLANG_WARN__DUPLICATE_METHOD_MATCH = YES;
				"CODE_SIGN_IDENTITY[sdk=iphoneos*]" = "iPhone Developer";
				COPY_PHASE_STRIP = NO;
				DEBUG_INFORMATION_FORMAT = "dwarf-with-dsym";
				ENABLE_NS_ASSERTIONS = NO;
				ENABLE_STRICT_OBJC_MSGSEND = YES;
				GCC_C_LANGUAGE_STANDARD = gnu99;
				GCC_NO_COMMON_BLOCKS = YES;
				GCC_WARN_64_TO_32_BIT_CONVERSION = YES;
				GCC_WARN_ABOUT_RETURN_TYPE = YES_ERROR;
				GCC_WARN_UNDECLARED_SELECTOR = YES;
				GCC_WARN_UNINITIALIZED_AUTOS = YES_AGGRESSIVE;
				GCC_WARN_UNUSED_FUNCTION = YES;
				GCC_WARN_UNUSED_VARIABLE = YES;
				IPHONEOS_DEPLOYMENT_TARGET = 10.3;
				MTL_ENABLE_DEBUG_INFO = NO;
				SDKROOT = iphoneos;
				SWIFT_OPTIMIZATION_LEVEL = "-Owholemodule";
				VALIDATE_PRODUCT = YES;
			};
			name = Release;
		};
		8184B1CA1F2F164B00156D2E /* Debug */ = {
			isa = XCBuildConfiguration;
			buildSettings = {
				ASSETCATALOG_COMPILER_APPICON_NAME = AppIcon;
				DEVELOPMENT_TEAM = 959U8386M2;
				INFOPLIST_FILE = Calculator/Info.plist;
				LD_RUNPATH_SEARCH_PATHS = "$(inherited) @executable_path/Frameworks";
				PRODUCT_BUNDLE_IDENTIFIER = com.boss.Calculator;
				PRODUCT_NAME = "$(TARGET_NAME)";
				SWIFT_VERSION = 3.0;
			};
			name = Debug;
		};
		8184B1CB1F2F164B00156D2E /* Release */ = {
			isa = XCBuildConfiguration;
			buildSettings = {
				ASSETCATALOG_COMPILER_APPICON_NAME = AppIcon;
				DEVELOPMENT_TEAM = 959U8386M2;
				INFOPLIST_FILE = Calculator/Info.plist;
				LD_RUNPATH_SEARCH_PATHS = "$(inherited) @executable_path/Frameworks";
				PRODUCT_BUNDLE_IDENTIFIER = com.boss.Calculator;
				PRODUCT_NAME = "$(TARGET_NAME)";
				SWIFT_VERSION = 3.0;
			};
			name = Release;
		};
		8184B1CD1F2F164B00156D2E /* Debug */ = {
			isa = XCBuildConfiguration;
			buildSettings = {
				ALWAYS_EMBED_SWIFT_STANDARD_LIBRARIES = YES;
				BUNDLE_LOADER = "$(TEST_HOST)";
				DEVELOPMENT_TEAM = 959U8386M2;
				INFOPLIST_FILE = CalculatorTests/Info.plist;
				LD_RUNPATH_SEARCH_PATHS = "$(inherited) @executable_path/Frameworks @loader_path/Frameworks";
				PRODUCT_BUNDLE_IDENTIFIER = com.boss.CalculatorTests;
				PRODUCT_NAME = "$(TARGET_NAME)";
				SWIFT_VERSION = 3.0;
				TEST_HOST = "$(BUILT_PRODUCTS_DIR)/Calculator.app/Calculator";
			};
			name = Debug;
		};
		8184B1CE1F2F164B00156D2E /* Release */ = {
			isa = XCBuildConfiguration;
			buildSettings = {
				ALWAYS_EMBED_SWIFT_STANDARD_LIBRARIES = YES;
				BUNDLE_LOADER = "$(TEST_HOST)";
				DEVELOPMENT_TEAM = 959U8386M2;
				INFOPLIST_FILE = CalculatorTests/Info.plist;
				LD_RUNPATH_SEARCH_PATHS = "$(inherited) @executable_path/Frameworks @loader_path/Frameworks";
				PRODUCT_BUNDLE_IDENTIFIER = com.boss.CalculatorTests;
				PRODUCT_NAME = "$(TARGET_NAME)";
				SWIFT_VERSION = 3.0;
				TEST_HOST = "$(BUILT_PRODUCTS_DIR)/Calculator.app/Calculator";
			};
			name = Release;
		};
		8184B1D01F2F164B00156D2E /* Debug */ = {
			isa = XCBuildConfiguration;
			buildSettings = {
				ALWAYS_EMBED_SWIFT_STANDARD_LIBRARIES = YES;
				DEVELOPMENT_TEAM = 959U8386M2;
				INFOPLIST_FILE = CalculatorUITests/Info.plist;
				LD_RUNPATH_SEARCH_PATHS = "$(inherited) @executable_path/Frameworks @loader_path/Frameworks";
				PRODUCT_BUNDLE_IDENTIFIER = com.boss.CalculatorUITests;
				PRODUCT_NAME = "$(TARGET_NAME)";
				SWIFT_VERSION = 3.0;
				TEST_TARGET_NAME = Calculator;
			};
			name = Debug;
		};
		8184B1D11F2F164B00156D2E /* Release */ = {
			isa = XCBuildConfiguration;
			buildSettings = {
				ALWAYS_EMBED_SWIFT_STANDARD_LIBRARIES = YES;
				DEVELOPMENT_TEAM = 959U8386M2;
				INFOPLIST_FILE = CalculatorUITests/Info.plist;
				LD_RUNPATH_SEARCH_PATHS = "$(inherited) @executable_path/Frameworks @loader_path/Frameworks";
				PRODUCT_BUNDLE_IDENTIFIER = com.boss.CalculatorUITests;
				PRODUCT_NAME = "$(TARGET_NAME)";
				SWIFT_VERSION = 3.0;
				TEST_TARGET_NAME = Calculator;
			};
			name = Release;
		};
/* End XCBuildConfiguration section */

/* Begin XCConfigurationList section */
		8184B19C1F2F164A00156D2E /* Build configuration list for PBXProject "Calculator" */ = {
			isa = XCConfigurationList;
			buildConfigurations = (
				8184B1C71F2F164B00156D2E /* Debug */,
				8184B1C81F2F164B00156D2E /* Release */,
			);
			defaultConfigurationIsVisible = 0;
			defaultConfigurationName = Release;
		};
		8184B1C91F2F164B00156D2E /* Build configuration list for PBXNativeTarget "Calculator" */ = {
			isa = XCConfigurationList;
			buildConfigurations = (
				8184B1CA1F2F164B00156D2E /* Debug */,
				8184B1CB1F2F164B00156D2E /* Release */,
			);
			defaultConfigurationIsVisible = 0;
		};
		8184B1CC1F2F164B00156D2E /* Build configuration list for PBXNativeTarget "CalculatorTests" */ = {
			isa = XCConfigurationList;
			buildConfigurations = (
				8184B1CD1F2F164B00156D2E /* Debug */,
				8184B1CE1F2F164B00156D2E /* Release */,
			);
			defaultConfigurationIsVisible = 0;
		};
		8184B1CF1F2F164B00156D2E /* Build configuration list for PBXNativeTarget "CalculatorUITests" */ = {
			isa = XCConfigurationList;
			buildConfigurations = (
				8184B1D01F2F164B00156D2E /* Debug */,
				8184B1D11F2F164B00156D2E /* Release */,
			);
			defaultConfigurationIsVisible = 0;
		};
/* End XCConfigurationList section */
	};
	rootObject = 8184B1991F2F164A00156D2E /* Project object */;
}
